// !$*UTF8*$!
{
	archiveVersion = 1;
	classes = {
	};
	objectVersion = 51;
	objects = {

/* Begin PBXBuildFile section */
		26148893233A2645003481CB /* AppDelegate.swift in Sources */ = {isa = PBXBuildFile; fileRef = 26148892233A2645003481CB /* AppDelegate.swift */; };
		26148895233A2645003481CB /* SceneDelegate.swift in Sources */ = {isa = PBXBuildFile; fileRef = 26148894233A2645003481CB /* SceneDelegate.swift */; };
		26148897233A2645003481CB /* ColorViewController.swift in Sources */ = {isa = PBXBuildFile; fileRef = 26148896233A2645003481CB /* ColorViewController.swift */; };
		2614889A233A2645003481CB /* Main.storyboard in Resources */ = {isa = PBXBuildFile; fileRef = 26148898233A2645003481CB /* Main.storyboard */; };
		2614889D233A2645003481CB /* IOTAssignment2.xcdatamodeld in Sources */ = {isa = PBXBuildFile; fileRef = 2614889B233A2645003481CB /* IOTAssignment2.xcdatamodeld */; };
		2614889F233A2648003481CB /* Assets.xcassets in Resources */ = {isa = PBXBuildFile; fileRef = 2614889E233A2648003481CB /* Assets.xcassets */; };
		261488A2233A2648003481CB /* LaunchScreen.storyboard in Resources */ = {isa = PBXBuildFile; fileRef = 261488A0233A2648003481CB /* LaunchScreen.storyboard */; };
		2625166B233F3D9C008715A7 /* TemperatureViewController.swift in Sources */ = {isa = PBXBuildFile; fileRef = 2625166A233F3D9C008715A7 /* TemperatureViewController.swift */; };
		263DA980233E05CB008B2319 /* mountain.json in Resources */ = {isa = PBXBuildFile; fileRef = 263DA97F233E05CB008B2319 /* mountain.json */; };
		264DE6C6233AF43D005988C5 /* ColorCollectionViewCell.swift in Sources */ = {isa = PBXBuildFile; fileRef = 264DE6C5233AF43D005988C5 /* ColorCollectionViewCell.swift */; };
		264DE6C8233AF49B005988C5 /* Constants.swift in Sources */ = {isa = PBXBuildFile; fileRef = 264DE6C7233AF49B005988C5 /* Constants.swift */; };
		264DE6CA233AFBC9005988C5 /* ColorDetailViewController.swift in Sources */ = {isa = PBXBuildFile; fileRef = 264DE6C9233AFBC9005988C5 /* ColorDetailViewController.swift */; };
		264DE6CC233AFC6A005988C5 /* CutomNavigationViewController.swift in Sources */ = {isa = PBXBuildFile; fileRef = 264DE6CB233AFC6A005988C5 /* CutomNavigationViewController.swift */; };
		264DE6CE233B2A69005988C5 /* GoogleService-Info.plist in Resources */ = {isa = PBXBuildFile; fileRef = 264DE6CD233B2A69005988C5 /* GoogleService-Info.plist */; };
		264DE6D0233B65FC005988C5 /* ColorModel.swift in Sources */ = {isa = PBXBuildFile; fileRef = 264DE6CF233B65FC005988C5 /* ColorModel.swift */; };
		264DE6D2233B6619005988C5 /* Temperature.swift in Sources */ = {isa = PBXBuildFile; fileRef = 264DE6D1233B6619005988C5 /* Temperature.swift */; };
		26D079BE233F7BB000D105A6 /* partly-cloudy.json in Resources */ = {isa = PBXBuildFile; fileRef = 26D079BA233F7BAD00D105A6 /* partly-cloudy.json */; };
		26D079BF233F7BB000D105A6 /* weather-storm.json in Resources */ = {isa = PBXBuildFile; fileRef = 26D079BB233F7BAE00D105A6 /* weather-storm.json */; };
		26D079C0233F7BB000D105A6 /* shower.json in Resources */ = {isa = PBXBuildFile; fileRef = 26D079BC233F7BAF00D105A6 /* shower.json */; };
		26D079C1233F7BB000D105A6 /* weather-sunny.json in Resources */ = {isa = PBXBuildFile; fileRef = 26D079BD233F7BB000D105A6 /* weather-sunny.json */; };
		26D079C5233F81DB00D105A6 /* WeatherHistoryVC.swift in Sources */ = {isa = PBXBuildFile; fileRef = 26D079C4233F81DB00D105A6 /* WeatherHistoryVC.swift */; };
		26D079C7233F84C000D105A6 /* WeatherHistoryTableViewCell.swift in Sources */ = {isa = PBXBuildFile; fileRef = 26D079C6233F84C000D105A6 /* WeatherHistoryTableViewCell.swift */; };
		42EFA03B18AF5CD7D2EB847F /* Pods_IOTAssignment2.framework in Frameworks */ = {isa = PBXBuildFile; fileRef = 454FD94B2501309355D6262F /* Pods_IOTAssignment2.framework */; };
/* End PBXBuildFile section */

/* Begin PBXFileReference section */
		2614888F233A2645003481CB /* IOTAssignment2.app */ = {isa = PBXFileReference; explicitFileType = wrapper.application; includeInIndex = 0; path = IOTAssignment2.app; sourceTree = BUILT_PRODUCTS_DIR; };
		26148892233A2645003481CB /* AppDelegate.swift */ = {isa = PBXFileReference; lastKnownFileType = sourcecode.swift; path = AppDelegate.swift; sourceTree = "<group>"; };
		26148894233A2645003481CB /* SceneDelegate.swift */ = {isa = PBXFileReference; lastKnownFileType = sourcecode.swift; path = SceneDelegate.swift; sourceTree = "<group>"; };
		26148896233A2645003481CB /* ColorViewController.swift */ = {isa = PBXFileReference; lastKnownFileType = sourcecode.swift; path = ColorViewController.swift; sourceTree = "<group>"; };
		26148899233A2645003481CB /* Base */ = {isa = PBXFileReference; lastKnownFileType = file.storyboard; name = Base; path = Base.lproj/Main.storyboard; sourceTree = "<group>"; };
		2614889C233A2645003481CB /* IOTAssignment2.xcdatamodel */ = {isa = PBXFileReference; lastKnownFileType = wrapper.xcdatamodel; path = IOTAssignment2.xcdatamodel; sourceTree = "<group>"; };
		2614889E233A2648003481CB /* Assets.xcassets */ = {isa = PBXFileReference; lastKnownFileType = folder.assetcatalog; path = Assets.xcassets; sourceTree = "<group>"; };
		261488A1233A2648003481CB /* Base */ = {isa = PBXFileReference; lastKnownFileType = file.storyboard; name = Base; path = Base.lproj/LaunchScreen.storyboard; sourceTree = "<group>"; };
		261488A3233A2648003481CB /* Info.plist */ = {isa = PBXFileReference; lastKnownFileType = text.plist.xml; path = Info.plist; sourceTree = "<group>"; };
		2625166A233F3D9C008715A7 /* TemperatureViewController.swift */ = {isa = PBXFileReference; lastKnownFileType = sourcecode.swift; path = TemperatureViewController.swift; sourceTree = "<group>"; };
		263DA97F233E05CB008B2319 /* mountain.json */ = {isa = PBXFileReference; fileEncoding = 4; lastKnownFileType = text.json; path = mountain.json; sourceTree = "<group>"; };
		264DE6C5233AF43D005988C5 /* ColorCollectionViewCell.swift */ = {isa = PBXFileReference; lastKnownFileType = sourcecode.swift; path = ColorCollectionViewCell.swift; sourceTree = "<group>"; };
		264DE6C7233AF49B005988C5 /* Constants.swift */ = {isa = PBXFileReference; lastKnownFileType = sourcecode.swift; path = Constants.swift; sourceTree = "<group>"; };
		264DE6C9233AFBC9005988C5 /* ColorDetailViewController.swift */ = {isa = PBXFileReference; lastKnownFileType = sourcecode.swift; path = ColorDetailViewController.swift; sourceTree = "<group>"; };
		264DE6CB233AFC6A005988C5 /* CutomNavigationViewController.swift */ = {isa = PBXFileReference; fileEncoding = 4; lastKnownFileType = sourcecode.swift; path = CutomNavigationViewController.swift; sourceTree = "<group>"; };
		264DE6CD233B2A69005988C5 /* GoogleService-Info.plist */ = {isa = PBXFileReference; fileEncoding = 4; lastKnownFileType = text.plist.xml; path = "GoogleService-Info.plist"; sourceTree = "<group>"; };
		264DE6CF233B65FC005988C5 /* ColorModel.swift */ = {isa = PBXFileReference; lastKnownFileType = sourcecode.swift; path = ColorModel.swift; sourceTree = "<group>"; };
		264DE6D1233B6619005988C5 /* Temperature.swift */ = {isa = PBXFileReference; lastKnownFileType = sourcecode.swift; path = Temperature.swift; sourceTree = "<group>"; };
		26D079BA233F7BAD00D105A6 /* partly-cloudy.json */ = {isa = PBXFileReference; fileEncoding = 4; lastKnownFileType = text.json; name = "partly-cloudy.json"; path = "../../../../Downloads/partly-cloudy.json"; sourceTree = "<group>"; };
		26D079BB233F7BAE00D105A6 /* weather-storm.json */ = {isa = PBXFileReference; fileEncoding = 4; lastKnownFileType = text.json; path = "weather-storm.json"; sourceTree = "<group>"; };
		26D079BC233F7BAF00D105A6 /* shower.json */ = {isa = PBXFileReference; fileEncoding = 4; lastKnownFileType = text.json; path = shower.json; sourceTree = "<group>"; };
		26D079BD233F7BB000D105A6 /* weather-sunny.json */ = {isa = PBXFileReference; fileEncoding = 4; lastKnownFileType = text.json; path = "weather-sunny.json"; sourceTree = "<group>"; };
		26D079C4233F81DB00D105A6 /* WeatherHistoryVC.swift */ = {isa = PBXFileReference; lastKnownFileType = sourcecode.swift; path = WeatherHistoryVC.swift; sourceTree = "<group>"; };
		26D079C6233F84C000D105A6 /* WeatherHistoryTableViewCell.swift */ = {isa = PBXFileReference; lastKnownFileType = sourcecode.swift; path = WeatherHistoryTableViewCell.swift; sourceTree = "<group>"; };
		454FD94B2501309355D6262F /* Pods_IOTAssignment2.framework */ = {isa = PBXFileReference; explicitFileType = wrapper.framework; includeInIndex = 0; path = Pods_IOTAssignment2.framework; sourceTree = BUILT_PRODUCTS_DIR; };
		8322569F5674A2057A1BC7B5 /* Pods-IOTAssignment2.debug.xcconfig */ = {isa = PBXFileReference; includeInIndex = 1; lastKnownFileType = text.xcconfig; name = "Pods-IOTAssignment2.debug.xcconfig"; path = "Target Support Files/Pods-IOTAssignment2/Pods-IOTAssignment2.debug.xcconfig"; sourceTree = "<group>"; };
		DDB2933A1A7A8EF87E95ADFE /* Pods-IOTAssignment2.release.xcconfig */ = {isa = PBXFileReference; includeInIndex = 1; lastKnownFileType = text.xcconfig; name = "Pods-IOTAssignment2.release.xcconfig"; path = "Target Support Files/Pods-IOTAssignment2/Pods-IOTAssignment2.release.xcconfig"; sourceTree = "<group>"; };
/* End PBXFileReference section */

/* Begin PBXFrameworksBuildPhase section */
		2614888C233A2645003481CB /* Frameworks */ = {
			isa = PBXFrameworksBuildPhase;
			buildActionMask = 2147483647;
			files = (
				42EFA03B18AF5CD7D2EB847F /* Pods_IOTAssignment2.framework in Frameworks */,
			);
			runOnlyForDeploymentPostprocessing = 0;
		};
/* End PBXFrameworksBuildPhase section */

/* Begin PBXGroup section */
		26148886233A2645003481CB = {
			isa = PBXGroup;
			children = (
				26148891233A2645003481CB /* IOTAssignment2 */,
				26148890233A2645003481CB /* Products */,
				84183A464F01C5F1AEEC9E2B /* Pods */,
				D0E0387D99E9697E2348E1CB /* Frameworks */,
			);
			sourceTree = "<group>";
		};
		26148890233A2645003481CB /* Products */ = {
			isa = PBXGroup;
			children = (
				2614888F233A2645003481CB /* IOTAssignment2.app */,
			);
			name = Products;
			sourceTree = "<group>";
		};
		26148891233A2645003481CB /* IOTAssignment2 */ = {
			isa = PBXGroup;
			children = (
				26148892233A2645003481CB /* AppDelegate.swift */,
				26148894233A2645003481CB /* SceneDelegate.swift */,
				26BB2294233DF96500BECCDA /* Animation Assets */,
				264DE6D4233B663A005988C5 /* Controllers */,
				264DE6D6233B6694005988C5 /* Helper Files */,
				264DE6D3233B6629005988C5 /* Model */,
				264DE6D5233B6654005988C5 /* Cells */,
				26148898233A2645003481CB /* Main.storyboard */,
				261488A3233A2648003481CB /* Info.plist */,
				264DE6CD233B2A69005988C5 /* GoogleService-Info.plist */,
				2614889E233A2648003481CB /* Assets.xcassets */,
			);
			path = IOTAssignment2;
			sourceTree = "<group>";
		};
		264DE6D3233B6629005988C5 /* Model */ = {
			isa = PBXGroup;
			children = (
				264DE6CF233B65FC005988C5 /* ColorModel.swift */,
				264DE6D1233B6619005988C5 /* Temperature.swift */,
			);
			path = Model;
			sourceTree = "<group>";
		};
		264DE6D4233B663A005988C5 /* Controllers */ = {
			isa = PBXGroup;
			children = (
				26148896233A2645003481CB /* ColorViewController.swift */,
				264DE6C9233AFBC9005988C5 /* ColorDetailViewController.swift */,
				2625166A233F3D9C008715A7 /* TemperatureViewController.swift */,
				26D079C4233F81DB00D105A6 /* WeatherHistoryVC.swift */,
			);
			path = Controllers;
			sourceTree = "<group>";
		};
		264DE6D5233B6654005988C5 /* Cells */ = {
			isa = PBXGroup;
			children = (
				264DE6C5233AF43D005988C5 /* ColorCollectionViewCell.swift */,
				26D079C6233F84C000D105A6 /* WeatherHistoryTableViewCell.swift */,
			);
			path = Cells;
			sourceTree = "<group>";
		};
		264DE6D6233B6694005988C5 /* Helper Files */ = {
			isa = PBXGroup;
			children = (
				2614889B233A2645003481CB /* IOTAssignment2.xcdatamodeld */,
				261488A0233A2648003481CB /* LaunchScreen.storyboard */,
				264DE6CB233AFC6A005988C5 /* CutomNavigationViewController.swift */,
				264DE6C7233AF49B005988C5 /* Constants.swift */,
			);
			path = "Helper Files";
			sourceTree = "<group>";
		};
		26BB2294233DF96500BECCDA /* Animation Assets */ = {
			isa = PBXGroup;
			children = (
				263DA97F233E05CB008B2319 /* mountain.json */,
				26D079BA233F7BAD00D105A6 /* partly-cloudy.json */,
				26D079BC233F7BAF00D105A6 /* shower.json */,
				26D079BB233F7BAE00D105A6 /* weather-storm.json */,
				26D079BD233F7BB000D105A6 /* weather-sunny.json */,
			);
			path = "Animation Assets";
			sourceTree = "<group>";
		};
		84183A464F01C5F1AEEC9E2B /* Pods */ = {
			isa = PBXGroup;
			children = (
				8322569F5674A2057A1BC7B5 /* Pods-IOTAssignment2.debug.xcconfig */,
				DDB2933A1A7A8EF87E95ADFE /* Pods-IOTAssignment2.release.xcconfig */,
			);
			path = Pods;
			sourceTree = "<group>";
		};
		D0E0387D99E9697E2348E1CB /* Frameworks */ = {
			isa = PBXGroup;
			children = (
				454FD94B2501309355D6262F /* Pods_IOTAssignment2.framework */,
			);
			name = Frameworks;
			sourceTree = "<group>";
		};
/* End PBXGroup section */

/* Begin PBXNativeTarget section */
		2614888E233A2645003481CB /* IOTAssignment2 */ = {
			isa = PBXNativeTarget;
			buildConfigurationList = 261488A6233A2648003481CB /* Build configuration list for PBXNativeTarget "IOTAssignment2" */;
			buildPhases = (
				462230C799E1D82125198234 /* [CP] Check Pods Manifest.lock */,
				2614888B233A2645003481CB /* Sources */,
				2614888C233A2645003481CB /* Frameworks */,
				2614888D233A2645003481CB /* Resources */,
				92A26A0F8E6D264E9EB3A2DA /* [CP] Embed Pods Frameworks */,
			);
			buildRules = (
			);
			dependencies = (
			);
			name = IOTAssignment2;
			productName = IOTAssignment2;
			productReference = 2614888F233A2645003481CB /* IOTAssignment2.app */;
			productType = "com.apple.product-type.application";
		};
/* End PBXNativeTarget section */

/* Begin PBXProject section */
		26148887233A2645003481CB /* Project object */ = {
			isa = PBXProject;
			attributes = {
				LastSwiftUpdateCheck = 1100;
				LastUpgradeCheck = 1100;
				ORGANIZATIONNAME = "Ojas Chimane Org";
				TargetAttributes = {
					2614888E233A2645003481CB = {
						CreatedOnToolsVersion = 11.0;
					};
				};
			};
			buildConfigurationList = 2614888A233A2645003481CB /* Build configuration list for PBXProject "IOTAssignment2" */;
			compatibilityVersion = "Xcode 9.3";
			developmentRegion = en;
			hasScannedForEncodings = 0;
			knownRegions = (
				en,
				Base,
			);
			mainGroup = 26148886233A2645003481CB;
			productRefGroup = 26148890233A2645003481CB /* Products */;
			projectDirPath = "";
			projectRoot = "";
			targets = (
				2614888E233A2645003481CB /* IOTAssignment2 */,
			);
		};
/* End PBXProject section */

/* Begin PBXResourcesBuildPhase section */
		2614888D233A2645003481CB /* Resources */ = {
			isa = PBXResourcesBuildPhase;
			buildActionMask = 2147483647;
			files = (
				26D079C1233F7BB000D105A6 /* weather-sunny.json in Resources */,
				26D079BF233F7BB000D105A6 /* weather-storm.json in Resources */,
				261488A2233A2648003481CB /* LaunchScreen.storyboard in Resources */,
				264DE6CE233B2A69005988C5 /* GoogleService-Info.plist in Resources */,
				263DA980233E05CB008B2319 /* mountain.json in Resources */,
				26D079BE233F7BB000D105A6 /* partly-cloudy.json in Resources */,
				2614889F233A2648003481CB /* Assets.xcassets in Resources */,
				26D079C0233F7BB000D105A6 /* shower.json in Resources */,
				2614889A233A2645003481CB /* Main.storyboard in Resources */,
			);
			runOnlyForDeploymentPostprocessing = 0;
		};
/* End PBXResourcesBuildPhase section */

/* Begin PBXShellScriptBuildPhase section */
		462230C799E1D82125198234 /* [CP] Check Pods Manifest.lock */ = {
			isa = PBXShellScriptBuildPhase;
			buildActionMask = 2147483647;
			files = (
			);
			inputFileListPaths = (
			);
			inputPaths = (
				"${PODS_PODFILE_DIR_PATH}/Podfile.lock",
				"${PODS_ROOT}/Manifest.lock",
			);
			name = "[CP] Check Pods Manifest.lock";
			outputFileListPaths = (
			);
			outputPaths = (
				"$(DERIVED_FILE_DIR)/Pods-IOTAssignment2-checkManifestLockResult.txt",
			);
			runOnlyForDeploymentPostprocessing = 0;
			shellPath = /bin/sh;
			shellScript = "diff \"${PODS_PODFILE_DIR_PATH}/Podfile.lock\" \"${PODS_ROOT}/Manifest.lock\" > /dev/null\nif [ $? != 0 ] ; then\n    # print error to STDERR\n    echo \"error: The sandbox is not in sync with the Podfile.lock. Run 'pod install' or update your CocoaPods installation.\" >&2\n    exit 1\nfi\n# This output is used by Xcode 'outputs' to avoid re-running this script phase.\necho \"SUCCESS\" > \"${SCRIPT_OUTPUT_FILE_0}\"\n";
			showEnvVarsInLog = 0;
		};
		92A26A0F8E6D264E9EB3A2DA /* [CP] Embed Pods Frameworks */ = {
			isa = PBXShellScriptBuildPhase;
			buildActionMask = 2147483647;
			files = (
			);
			inputFileListPaths = (
				"${PODS_ROOT}/Target Support Files/Pods-IOTAssignment2/Pods-IOTAssignment2-frameworks-${CONFIGURATION}-input-files.xcfilelist",
			);
			name = "[CP] Embed Pods Frameworks";
			outputFileListPaths = (
				"${PODS_ROOT}/Target Support Files/Pods-IOTAssignment2/Pods-IOTAssignment2-frameworks-${CONFIGURATION}-output-files.xcfilelist",
			);
			runOnlyForDeploymentPostprocessing = 0;
			shellPath = /bin/sh;
			shellScript = "\"${PODS_ROOT}/Target Support Files/Pods-IOTAssignment2/Pods-IOTAssignment2-frameworks.sh\"\n";
			showEnvVarsInLog = 0;
		};
/* End PBXShellScriptBuildPhase section */

/* Begin PBXSourcesBuildPhase section */
		2614888B233A2645003481CB /* Sources */ = {
			isa = PBXSourcesBuildPhase;
			buildActionMask = 2147483647;
			files = (
				264DE6C6233AF43D005988C5 /* ColorCollectionViewCell.swift in Sources */,
				26148897233A2645003481CB /* ColorViewController.swift in Sources */,
				26148893233A2645003481CB /* AppDelegate.swift in Sources */,
				2625166B233F3D9C008715A7 /* TemperatureViewController.swift in Sources */,
				26D079C5233F81DB00D105A6 /* WeatherHistoryVC.swift in Sources */,
				2614889D233A2645003481CB /* IOTAssignment2.xcdatamodeld in Sources */,
				26148895233A2645003481CB /* SceneDelegate.swift in Sources */,
				264DE6CC233AFC6A005988C5 /* CutomNavigationViewController.swift in Sources */,
				264DE6C8233AF49B005988C5 /* Constants.swift in Sources */,
				264DE6CA233AFBC9005988C5 /* ColorDetailViewController.swift in Sources */,
				26D079C7233F84C000D105A6 /* WeatherHistoryTableViewCell.swift in Sources */,
				264DE6D2233B6619005988C5 /* Temperature.swift in Sources */,
				264DE6D0233B65FC005988C5 /* ColorModel.swift in Sources */,
			);
			runOnlyForDeploymentPostprocessing = 0;
		};
/* End PBXSourcesBuildPhase section */

/* Begin PBXVariantGroup section */
		26148898233A2645003481CB /* Main.storyboard */ = {
			isa = PBXVariantGroup;
			children = (
				26148899233A2645003481CB /* Base */,
			);
			name = Main.storyboard;
			sourceTree = "<group>";
		};
		261488A0233A2648003481CB /* LaunchScreen.storyboard */ = {
			isa = PBXVariantGroup;
			children = (
				261488A1233A2648003481CB /* Base */,
			);
			name = LaunchScreen.storyboard;
			sourceTree = "<group>";
		};
/* End PBXVariantGroup section */

/* Begin XCBuildConfiguration section */
		261488A4233A2648003481CB /* Debug */ = {
			isa = XCBuildConfiguration;
			buildSettings = {
				ALWAYS_SEARCH_USER_PATHS = NO;
				CLANG_ANALYZER_NONNULL = YES;
				CLANG_ANALYZER_NUMBER_OBJECT_CONVERSION = YES_AGGRESSIVE;
				CLANG_CXX_LANGUAGE_STANDARD = "gnu++14";
				CLANG_CXX_LIBRARY = "libc++";
				CLANG_ENABLE_MODULES = YES;
				CLANG_ENABLE_OBJC_ARC = YES;
				CLANG_ENABLE_OBJC_WEAK = YES;
				CLANG_WARN_BLOCK_CAPTURE_AUTORELEASING = YES;
				CLANG_WARN_BOOL_CONVERSION = YES;
				CLANG_WARN_COMMA = YES;
				CLANG_WARN_CONSTANT_CONVERSION = YES;
				CLANG_WARN_DEPRECATED_OBJC_IMPLEMENTATIONS = YES;
				CLANG_WARN_DIRECT_OBJC_ISA_USAGE = YES_ERROR;
				CLANG_WARN_DOCUMENTATION_COMMENTS = YES;
				CLANG_WARN_EMPTY_BODY = YES;
				CLANG_WARN_ENUM_CONVERSION = YES;
				CLANG_WARN_INFINITE_RECURSION = YES;
				CLANG_WARN_INT_CONVERSION = YES;
				CLANG_WARN_NON_LITERAL_NULL_CONVERSION = YES;
				CLANG_WARN_OBJC_IMPLICIT_RETAIN_SELF = YES;
				CLANG_WARN_OBJC_LITERAL_CONVERSION = YES;
				CLANG_WARN_OBJC_ROOT_CLASS = YES_ERROR;
				CLANG_WARN_RANGE_LOOP_ANALYSIS = YES;
				CLANG_WARN_STRICT_PROTOTYPES = YES;
				CLANG_WARN_SUSPICIOUS_MOVE = YES;
				CLANG_WARN_UNGUARDED_AVAILABILITY = YES_AGGRESSIVE;
				CLANG_WARN_UNREACHABLE_CODE = YES;
				CLANG_WARN__DUPLICATE_METHOD_MATCH = YES;
				COPY_PHASE_STRIP = NO;
				DEBUG_INFORMATION_FORMAT = dwarf;
				ENABLE_STRICT_OBJC_MSGSEND = YES;
				ENABLE_TESTABILITY = YES;
				GCC_C_LANGUAGE_STANDARD = gnu11;
				GCC_DYNAMIC_NO_PIC = NO;
				GCC_NO_COMMON_BLOCKS = YES;
				GCC_OPTIMIZATION_LEVEL = 0;
				GCC_PREPROCESSOR_DEFINITIONS = (
					"DEBUG=1",
					"$(inherited)",
				);
				GCC_WARN_64_TO_32_BIT_CONVERSION = YES;
				GCC_WARN_ABOUT_RETURN_TYPE = YES_ERROR;
				GCC_WARN_UNDECLARED_SELECTOR = YES;
				GCC_WARN_UNINITIALIZED_AUTOS = YES_AGGRESSIVE;
				GCC_WARN_UNUSED_FUNCTION = YES;
				GCC_WARN_UNUSED_VARIABLE = YES;
				IPHONEOS_DEPLOYMENT_TARGET = 13.0;
				MTL_ENABLE_DEBUG_INFO = INCLUDE_SOURCE;
				MTL_FAST_MATH = YES;
				ONLY_ACTIVE_ARCH = YES;
				SDKROOT = iphoneos;
				SWIFT_ACTIVE_COMPILATION_CONDITIONS = DEBUG;
				SWIFT_OPTIMIZATION_LEVEL = "-Onone";
			};
			name = Debug;
		};
		261488A5233A2648003481CB /* Release */ = {
			isa = XCBuildConfiguration;
			buildSettings = {
				ALWAYS_SEARCH_USER_PATHS = NO;
				CLANG_ANALYZER_NONNULL = YES;
				CLANG_ANALYZER_NUMBER_OBJECT_CONVERSION = YES_AGGRESSIVE;
				CLANG_CXX_LANGUAGE_STANDARD = "gnu++14";
				CLANG_CXX_LIBRARY = "libc++";
				CLANG_ENABLE_MODULES = YES;
				CLANG_ENABLE_OBJC_ARC = YES;
				CLANG_ENABLE_OBJC_WEAK = YES;
				CLANG_WARN_BLOCK_CAPTURE_AUTORELEASING = YES;
				CLANG_WARN_BOOL_CONVERSION = YES;
				CLANG_WARN_COMMA = YES;
				CLANG_WARN_CONSTANT_CONVERSION = YES;
				CLANG_WARN_DEPRECATED_OBJC_IMPLEMENTATIONS = YES;
				CLANG_WARN_DIRECT_OBJC_ISA_USAGE = YES_ERROR;
				CLANG_WARN_DOCUMENTATION_COMMENTS = YES;
				CLANG_WARN_EMPTY_BODY = YES;
				CLANG_WARN_ENUM_CONVERSION = YES;
				CLANG_WARN_INFINITE_RECURSION = YES;
				CLANG_WARN_INT_CONVERSION = YES;
				CLANG_WARN_NON_LITERAL_NULL_CONVERSION = YES;
				CLANG_WARN_OBJC_IMPLICIT_RETAIN_SELF = YES;
				CLANG_WARN_OBJC_LITERAL_CONVERSION = YES;
				CLANG_WARN_OBJC_ROOT_CLASS = YES_ERROR;
				CLANG_WARN_RANGE_LOOP_ANALYSIS = YES;
				CLANG_WARN_STRICT_PROTOTYPES = YES;
				CLANG_WARN_SUSPICIOUS_MOVE = YES;
				CLANG_WARN_UNGUARDED_AVAILABILITY = YES_AGGRESSIVE;
				CLANG_WARN_UNREACHABLE_CODE = YES;
				CLANG_WARN__DUPLICATE_METHOD_MATCH = YES;
				COPY_PHASE_STRIP = NO;
				DEBUG_INFORMATION_FORMAT = "dwarf-with-dsym";
				ENABLE_NS_ASSERTIONS = NO;
				ENABLE_STRICT_OBJC_MSGSEND = YES;
				GCC_C_LANGUAGE_STANDARD = gnu11;
				GCC_NO_COMMON_BLOCKS = YES;
				GCC_WARN_64_TO_32_BIT_CONVERSION = YES;
				GCC_WARN_ABOUT_RETURN_TYPE = YES_ERROR;
				GCC_WARN_UNDECLARED_SELECTOR = YES;
				GCC_WARN_UNINITIALIZED_AUTOS = YES_AGGRESSIVE;
				GCC_WARN_UNUSED_FUNCTION = YES;
				GCC_WARN_UNUSED_VARIABLE = YES;
				IPHONEOS_DEPLOYMENT_TARGET = 13.0;
				MTL_ENABLE_DEBUG_INFO = NO;
				MTL_FAST_MATH = YES;
				SDKROOT = iphoneos;
				SWIFT_COMPILATION_MODE = wholemodule;
				SWIFT_OPTIMIZATION_LEVEL = "-O";
				VALIDATE_PRODUCT = YES;
			};
			name = Release;
		};
		261488A7233A2648003481CB /* Debug */ = {
			isa = XCBuildConfiguration;
			baseConfigurationReference = 8322569F5674A2057A1BC7B5 /* Pods-IOTAssignment2.debug.xcconfig */;
			buildSettings = {
				ASSETCATALOG_COMPILER_APPICON_NAME = AppIcon;
				CODE_SIGN_STYLE = Automatic;
				DEVELOPMENT_TEAM = 226LW94XQV;
				INFOPLIST_FILE = IOTAssignment2/Info.plist;
				LD_RUNPATH_SEARCH_PATHS = (
					"$(inherited)",
					"@executable_path/Frameworks",
				);
				PRODUCT_BUNDLE_IDENTIFIER = "ojas-chimane.IOTAssignment2";
				PRODUCT_NAME = "$(TARGET_NAME)";
				SWIFT_VERSION = 5.0;
				TARGETED_DEVICE_FAMILY = "1,2";
			};
			name = Debug;
		};
		261488A8233A2648003481CB /* Release */ = {
			isa = XCBuildConfiguration;
			baseConfigurationReference = DDB2933A1A7A8EF87E95ADFE /* Pods-IOTAssignment2.release.xcconfig */;
			buildSettings = {
				ASSETCATALOG_COMPILER_APPICON_NAME = AppIcon;
				CODE_SIGN_STYLE = Automatic;
				DEVELOPMENT_TEAM = 226LW94XQV;
				INFOPLIST_FILE = IOTAssignment2/Info.plist;
				LD_RUNPATH_SEARCH_PATHS = (
					"$(inherited)",
					"@executable_path/Frameworks",
				);
				PRODUCT_BUNDLE_IDENTIFIER = "ojas-chimane.IOTAssignment2";
				PRODUCT_NAME = "$(TARGET_NAME)";
				SWIFT_VERSION = 5.0;
				TARGETED_DEVICE_FAMILY = "1,2";
			};
			name = Release;
		};
/* End XCBuildConfiguration section */

/* Begin XCConfigurationList section */
		2614888A233A2645003481CB /* Build configuration list for PBXProject "IOTAssignment2" */ = {
			isa = XCConfigurationList;
			buildConfigurations = (
				261488A4233A2648003481CB /* Debug */,
				261488A5233A2648003481CB /* Release */,
			);
			defaultConfigurationIsVisible = 0;
			defaultConfigurationName = Release;
		};
		261488A6233A2648003481CB /* Build configuration list for PBXNativeTarget "IOTAssignment2" */ = {
			isa = XCConfigurationList;
			buildConfigurations = (
				261488A7233A2648003481CB /* Debug */,
				261488A8233A2648003481CB /* Release */,
			);
			defaultConfigurationIsVisible = 0;
			defaultConfigurationName = Release;
		};
/* End XCConfigurationList section */

/* Begin XCVersionGroup section */
		2614889B233A2645003481CB /* IOTAssignment2.xcdatamodeld */ = {
			isa = XCVersionGroup;
			children = (
				2614889C233A2645003481CB /* IOTAssignment2.xcdatamodel */,
			);
			currentVersion = 2614889C233A2645003481CB /* IOTAssignment2.xcdatamodel */;
			path = IOTAssignment2.xcdatamodeld;
			sourceTree = "<group>";
			versionGroupType = wrapper.xcdatamodel;
		};
/* End XCVersionGroup section */
	};
	rootObject = 26148887233A2645003481CB /* Project object */;
}
